
Microsoft Visual Studio Solution File, Format Version 12.00
# Visual Studio Version 16
VisualStudioVersion = 16.0.34114.132
MinimumVisualStudioVersion = 10.0.40219.1
Project("{8BC9CEB8-8B4A-11D0-8D11-00A0C91BC942}") = "dll-injector", "dll-injector\dll-injector.vcxproj", "{F6E38AD6-0EAA-4D27-8B8B-18D1E52709EA}"
EndProject
Global
	GlobalSection(SolutionConfigurationPlatforms) = preSolution
		Debug|x64 = Debug|x64
		Debug|x86 = Debug|x86
		Release|x64 = Release|x64
		Release|x86 = Release|x86
	EndGlobalSection
	GlobalSection(ProjectConfigurationPlatforms) = postSolution
		{F6E38AD6-0EAA-4D27-8B8B-18D1E52709EA}.Debug|x64.ActiveCfg = Debug|x64
		{F6E38AD6-0EAA-4D27-8B8B-18D1E52709EA}.Debug|x64.Build.0 = Debug|x64
		{F6E38AD6-0EAA-4D27-8B8B-18D1E52709EA}.Debug|x86.ActiveCfg = Debug|Win32
		{F6E38AD6-0EAA-4D27-8B8B-18D1E52709EA}.Debug|x86.Build.0 = Debug|Win32
		{F6E38AD6-0EAA-4D27-8B8B-18D1E52709EA}.Release|x64.ActiveCfg = Release|x64
		{F6E38AD6-0EAA-4D27-8B8B-18D1E52709EA}.Release|x64.Build.0 = Release|x64
		{F6E38AD6-0EAA-4D27-8B8B-18D1E52709EA}.Release|x86.ActiveCfg = Release|Win32
		{F6E38AD6-0EAA-4D27-8B8B-18D1E52709EA}.Release|x86.Build.0 = Release|Win32
	EndGlobalSection
	GlobalSection(SolutionProperties) = preSolution
		HideSolutionNode = FALSE
	EndGlobalSection
	GlobalSection(ExtensibilityGlobals) = postSolution
		SolutionGuid = {55A8DC09-BCE6-4763-AB03-493B395F019A}
	EndGlobalSection
EndGlobal
